
Microsoft Visual Studio Solution File, Format Version 12.00
# Visual Studio Version 16
VisualStudioVersion = 16.0.31911.196
MinimumVisualStudioVersion = 10.0.40219.1
Project("{FAE04EC0-301F-11D3-BF4B-00C04F79EFBC}") = "Exercise 1", "Exercise 1.csproj", "{C7F64F1F-DAEF-4332-B026-C7192593A01B}"
EndProject
Global
	GlobalSection(SolutionConfigurationPlatforms) = preSolution
		Debug|Any CPU = Debug|Any CPU
		Release|Any CPU = Release|Any CPU
	EndGlobalSection
	GlobalSection(ProjectConfigurationPlatforms) = postSolution
		{C7F64F1F-DAEF-4332-B026-C7192593A01B}.Debug|Any CPU.ActiveCfg = Debug|Any CPU
		{C7F64F1F-DAEF-4332-B026-C7192593A01B}.Debug|Any CPU.Build.0 = Debug|Any CPU
		{C7F64F1F-DAEF-4332-B026-C7192593A01B}.Release|Any CPU.ActiveCfg = Release|Any CPU
		{C7F64F1F-DAEF-4332-B026-C7192593A01B}.Release|Any CPU.Build.0 = Release|Any CPU
	EndGlobalSection
	GlobalSection(SolutionProperties) = preSolution
		HideSolutionNode = FALSE
	EndGlobalSection
	GlobalSection(ExtensibilityGlobals) = postSolution
		SolutionGuid = {EEF96F4E-0A32-4FE5-AE17-9B9B153182D8}
	EndGlobalSection
EndGlobal
